
Microsoft Visual Studio Solution File, Format Version 12.00
# Visual Studio Version 17
VisualStudioVersion = 17.6.33927.249
MinimumVisualStudioVersion = 10.0.40219.1
Project("{2150E333-8FDC-42A3-9474-1A3956D46DE8}") = "src", "src", "{E94FCBD6-B1DE-4C3F-99F0-14CF3DD7896E}"
EndProject
Project("{2150E333-8FDC-42A3-9474-1A3956D46DE8}") = "tests", "tests", "{8A284880-C685-478D-BBDA-CAE8C0FD96CF}"
EndProject
Project("{2150E333-8FDC-42A3-9474-1A3956D46DE8}") = "Core", "Core", "{6B1BEEC0-4BF0-49A5-96C4-2CF4EDDF5BB3}"
EndProject
Project("{2150E333-8FDC-42A3-9474-1A3956D46DE8}") = "Infra", "Infra", "{4DFED1B7-4967-4EBC-B629-15C1FFBE3E40}"
EndProject
Project("{2150E333-8FDC-42A3-9474-1A3956D46DE8}") = "UI", "UI", "{B8139609-5FF0-4FFA-8929-47D25892D9F0}"
EndProject
Project("{9A19103F-16F7-4668-BE54-9A1E7A4F7556}") = "Domain", "src\Core\Domain\Domain.csproj", "{FFC83E0E-6487-4CF1-B046-CB5D36FBDCE2}"
EndProject
Project("{9A19103F-16F7-4668-BE54-9A1E7A4F7556}") = "Application", "src\Core\Application\Application.csproj", "{7E1C5A70-40A0-4619-B9E0-DD8EBA90189A}"
EndProject
Project("{9A19103F-16F7-4668-BE54-9A1E7A4F7556}") = "Infrastructure", "src\Infra\Infrastructure\Infrastructure.csproj", "{5AE52202-8E5F-41BD-8408-CAAD0C877AA0}"
EndProject
Project("{9A19103F-16F7-4668-BE54-9A1E7A4F7556}") = "MSSQL.Migrator", "src\Infra\MSSQL.Migrator\MSSQL.Migrator.csproj", "{AADFAEEB-1C3E-4C3A-97AC-F512E7AA4FF6}"
EndProject
Project("{9A19103F-16F7-4668-BE54-9A1E7A4F7556}") = "Application.UnitTests", "tests\Application.UnitTests\Application.UnitTests.csproj", "{E2FB4755-B09B-4FDA-A309-6E4D875A7D3E}"
EndProject
Project("{9A19103F-16F7-4668-BE54-9A1E7A4F7556}") = "Infrastructure.UnitTests", "tests\Infrastructure.UnitTests\Infrastructure.UnitTests.csproj", "{B9DE8A61-2407-4EB8-A448-987D115123D7}"
EndProject
Project("{9A19103F-16F7-4668-BE54-9A1E7A4F7556}") = "Shared", "src\Core\Shared\Shared.csproj", "{810E0F73-BC4F-4054-8BD6-FD124CF776EE}"
EndProject
Project("{9A19103F-16F7-4668-BE54-9A1E7A4F7556}") = "Infrastructure.IntegrationTests", "tests\Infrastructure.IntegrationTests\Infrastructure.IntegrationTests.csproj", "{6E4F15AE-C43F-4797-A0A7-2F4E8A64B818}"
EndProject
Project("{9A19103F-16F7-4668-BE54-9A1E7A4F7556}") = "UI.Razor", "src\UI\UI.Razor\UI.Razor.csproj", "{4755E6EF-169B-431D-A31A-6D79904A1C87}"
EndProject
Project("{FAE04EC0-301F-11D3-BF4B-00C04F79EFBC}") = "MySQL.Migrator", "src\Infra\MySQL.Migrator\MySQL.Migrator.csproj", "{38E86362-1E31-4420-ACA1-53C2F5D10A92}"
EndProject
Project("{FAE04EC0-301F-11D3-BF4B-00C04F79EFBC}") = "Postgres.Migrator", "Postgres.Migrator\Postgres.Migrator.csproj", "{0201D830-1435-4E17-9AC4-E33B0BA49162}"
EndProject
Global
	GlobalSection(SolutionConfigurationPlatforms) = preSolution
		Debug|Any CPU = Debug|Any CPU
		Release|Any CPU = Release|Any CPU
	EndGlobalSection
	GlobalSection(ProjectConfigurationPlatforms) = postSolution
		{FFC83E0E-6487-4CF1-B046-CB5D36FBDCE2}.Debug|Any CPU.ActiveCfg = Debug|Any CPU
		{FFC83E0E-6487-4CF1-B046-CB5D36FBDCE2}.Debug|Any CPU.Build.0 = Debug|Any CPU
		{FFC83E0E-6487-4CF1-B046-CB5D36FBDCE2}.Release|Any CPU.ActiveCfg = Release|Any CPU
		{FFC83E0E-6487-4CF1-B046-CB5D36FBDCE2}.Release|Any CPU.Build.0 = Release|Any CPU
		{7E1C5A70-40A0-4619-B9E0-DD8EBA90189A}.Debug|Any CPU.ActiveCfg = Debug|Any CPU
		{7E1C5A70-40A0-4619-B9E0-DD8EBA90189A}.Debug|Any CPU.Build.0 = Debug|Any CPU
		{7E1C5A70-40A0-4619-B9E0-DD8EBA90189A}.Release|Any CPU.ActiveCfg = Release|Any CPU
		{7E1C5A70-40A0-4619-B9E0-DD8EBA90189A}.Release|Any CPU.Build.0 = Release|Any CPU
		{5AE52202-8E5F-41BD-8408-CAAD0C877AA0}.Debug|Any CPU.ActiveCfg = Debug|Any CPU
		{5AE52202-8E5F-41BD-8408-CAAD0C877AA0}.Debug|Any CPU.Build.0 = Debug|Any CPU
		{5AE52202-8E5F-41BD-8408-CAAD0C877AA0}.Release|Any CPU.ActiveCfg = Release|Any CPU
		{5AE52202-8E5F-41BD-8408-CAAD0C877AA0}.Release|Any CPU.Build.0 = Release|Any CPU
		{AADFAEEB-1C3E-4C3A-97AC-F512E7AA4FF6}.Debug|Any CPU.ActiveCfg = Debug|Any CPU
		{AADFAEEB-1C3E-4C3A-97AC-F512E7AA4FF6}.Debug|Any CPU.Build.0 = Debug|Any CPU
		{AADFAEEB-1C3E-4C3A-97AC-F512E7AA4FF6}.Release|Any CPU.ActiveCfg = Release|Any CPU
		{AADFAEEB-1C3E-4C3A-97AC-F512E7AA4FF6}.Release|Any CPU.Build.0 = Release|Any CPU
		{E2FB4755-B09B-4FDA-A309-6E4D875A7D3E}.Debug|Any CPU.ActiveCfg = Debug|Any CPU
		{E2FB4755-B09B-4FDA-A309-6E4D875A7D3E}.Debug|Any CPU.Build.0 = Debug|Any CPU
		{E2FB4755-B09B-4FDA-A309-6E4D875A7D3E}.Release|Any CPU.ActiveCfg = Release|Any CPU
		{E2FB4755-B09B-4FDA-A309-6E4D875A7D3E}.Release|Any CPU.Build.0 = Release|Any CPU
		{B9DE8A61-2407-4EB8-A448-987D115123D7}.Debug|Any CPU.ActiveCfg = Debug|Any CPU
		{B9DE8A61-2407-4EB8-A448-987D115123D7}.Debug|Any CPU.Build.0 = Debug|Any CPU
		{B9DE8A61-2407-4EB8-A448-987D115123D7}.Release|Any CPU.ActiveCfg = Release|Any CPU
		{B9DE8A61-2407-4EB8-A448-987D115123D7}.Release|Any CPU.Build.0 = Release|Any CPU
		{810E0F73-BC4F-4054-8BD6-FD124CF776EE}.Debug|Any CPU.ActiveCfg = Debug|Any CPU
		{810E0F73-BC4F-4054-8BD6-FD124CF776EE}.Debug|Any CPU.Build.0 = Debug|Any CPU
		{810E0F73-BC4F-4054-8BD6-FD124CF776EE}.Release|Any CPU.ActiveCfg = Release|Any CPU
		{810E0F73-BC4F-4054-8BD6-FD124CF776EE}.Release|Any CPU.Build.0 = Release|Any CPU
		{6E4F15AE-C43F-4797-A0A7-2F4E8A64B818}.Debug|Any CPU.ActiveCfg = Debug|Any CPU
		{6E4F15AE-C43F-4797-A0A7-2F4E8A64B818}.Debug|Any CPU.Build.0 = Debug|Any CPU
		{6E4F15AE-C43F-4797-A0A7-2F4E8A64B818}.Release|Any CPU.ActiveCfg = Release|Any CPU
		{6E4F15AE-C43F-4797-A0A7-2F4E8A64B818}.Release|Any CPU.Build.0 = Release|Any CPU
		{4755E6EF-169B-431D-A31A-6D79904A1C87}.Debug|Any CPU.ActiveCfg = Debug|Any CPU
		{4755E6EF-169B-431D-A31A-6D79904A1C87}.Debug|Any CPU.Build.0 = Debug|Any CPU
		{4755E6EF-169B-431D-A31A-6D79904A1C87}.Release|Any CPU.ActiveCfg = Release|Any CPU
		{4755E6EF-169B-431D-A31A-6D79904A1C87}.Release|Any CPU.Build.0 = Release|Any CPU
		{38E86362-1E31-4420-ACA1-53C2F5D10A92}.Debug|Any CPU.ActiveCfg = Debug|Any CPU
		{38E86362-1E31-4420-ACA1-53C2F5D10A92}.Debug|Any CPU.Build.0 = Debug|Any CPU
		{38E86362-1E31-4420-ACA1-53C2F5D10A92}.Release|Any CPU.ActiveCfg = Release|Any CPU
		{38E86362-1E31-4420-ACA1-53C2F5D10A92}.Release|Any CPU.Build.0 = Release|Any CPU
		{0201D830-1435-4E17-9AC4-E33B0BA49162}.Debug|Any CPU.ActiveCfg = Debug|Any CPU
		{0201D830-1435-4E17-9AC4-E33B0BA49162}.Debug|Any CPU.Build.0 = Debug|Any CPU
		{0201D830-1435-4E17-9AC4-E33B0BA49162}.Release|Any CPU.ActiveCfg = Release|Any CPU
		{0201D830-1435-4E17-9AC4-E33B0BA49162}.Release|Any CPU.Build.0 = Release|Any CPU
	EndGlobalSection
	GlobalSection(SolutionProperties) = preSolution
		HideSolutionNode = FALSE
	EndGlobalSection
	GlobalSection(NestedProjects) = preSolution
		{6B1BEEC0-4BF0-49A5-96C4-2CF4EDDF5BB3} = {E94FCBD6-B1DE-4C3F-99F0-14CF3DD7896E}
		{4DFED1B7-4967-4EBC-B629-15C1FFBE3E40} = {E94FCBD6-B1DE-4C3F-99F0-14CF3DD7896E}
		{B8139609-5FF0-4FFA-8929-47D25892D9F0} = {E94FCBD6-B1DE-4C3F-99F0-14CF3DD7896E}
		{FFC83E0E-6487-4CF1-B046-CB5D36FBDCE2} = {6B1BEEC0-4BF0-49A5-96C4-2CF4EDDF5BB3}
		{7E1C5A70-40A0-4619-B9E0-DD8EBA90189A} = {6B1BEEC0-4BF0-49A5-96C4-2CF4EDDF5BB3}
		{5AE52202-8E5F-41BD-8408-CAAD0C877AA0} = {4DFED1B7-4967-4EBC-B629-15C1FFBE3E40}
		{AADFAEEB-1C3E-4C3A-97AC-F512E7AA4FF6} = {4DFED1B7-4967-4EBC-B629-15C1FFBE3E40}
		{E2FB4755-B09B-4FDA-A309-6E4D875A7D3E} = {8A284880-C685-478D-BBDA-CAE8C0FD96CF}
		{B9DE8A61-2407-4EB8-A448-987D115123D7} = {8A284880-C685-478D-BBDA-CAE8C0FD96CF}
		{810E0F73-BC4F-4054-8BD6-FD124CF776EE} = {6B1BEEC0-4BF0-49A5-96C4-2CF4EDDF5BB3}
		{6E4F15AE-C43F-4797-A0A7-2F4E8A64B818} = {8A284880-C685-478D-BBDA-CAE8C0FD96CF}
		{4755E6EF-169B-431D-A31A-6D79904A1C87} = {B8139609-5FF0-4FFA-8929-47D25892D9F0}
		{38E86362-1E31-4420-ACA1-53C2F5D10A92} = {4DFED1B7-4967-4EBC-B629-15C1FFBE3E40}
		{0201D830-1435-4E17-9AC4-E33B0BA49162} = {4DFED1B7-4967-4EBC-B629-15C1FFBE3E40}
	EndGlobalSection
	GlobalSection(ExtensibilityGlobals) = postSolution
		SolutionGuid = {DD9A9D99-7664-49E2-A7FD-1563C95F8853}
	EndGlobalSection
EndGlobal
